// !$*UTF8*$!
{
	archiveVersion = 1;
	classes = {
	};
	objectVersion = 50;
	objects = {

/* Begin PBXBuildFile section */
		055E596C24B71CC7005343D3 /* DataInfo.cpp in Sources */ = {isa = PBXBuildFile; fileRef = 055E596A24B71CC7005343D3 /* DataInfo.cpp */; };
		055E596D24B71CC7005343D3 /* DataInfo.hpp in Headers */ = {isa = PBXBuildFile; fileRef = 055E596B24B71CC7005343D3 /* DataInfo.hpp */; };
		056ECE482B9A637900C186E2 /* Symbol.cpp in Sources */ = {isa = PBXBuildFile; fileRef = 056ECE462B9A637900C186E2 /* Symbol.cpp */; };
		056ECE492B9A637900C186E2 /* Symbol.hpp in Headers */ = {isa = PBXBuildFile; fileRef = 056ECE472B9A637900C186E2 /* Symbol.hpp */; };
		05A29D3B24AC8E480025C57D /* main.cpp in Sources */ = {isa = PBXBuildFile; fileRef = 05A29D3A24AC8E480025C57D /* main.cpp */; };
		05A29D4424AC90ED0025C57D /* Arguments.cpp in Sources */ = {isa = PBXBuildFile; fileRef = 05A29D4224AC90ED0025C57D /* Arguments.cpp */; };
		05C8C31E24AE1BAE0095E313 /* libmacho.a in Frameworks */ = {isa = PBXBuildFile; fileRef = 05C8C31124AE1B030095E313 /* libmacho.a */; };
		05C8C32424AE1BE90095E313 /* File.cpp in Sources */ = {isa = PBXBuildFile; fileRef = 05C8C32224AE1BE90095E313 /* File.cpp */; };
		05C8C32524AE1BE90095E313 /* File.hpp in Headers */ = {isa = PBXBuildFile; fileRef = 05C8C32324AE1BE90095E313 /* File.hpp */; };
		05C8C32724AE1C040095E313 /* MachO.hpp in Headers */ = {isa = PBXBuildFile; fileRef = 05C8C32624AE1C040095E313 /* MachO.hpp */; };
		05C8C33824AE2D050095E313 /* FatFile.cpp in Sources */ = {isa = PBXBuildFile; fileRef = 05C8C33624AE2D050095E313 /* FatFile.cpp */; };
		05C8C33924AE2D050095E313 /* FatFile.hpp in Headers */ = {isa = PBXBuildFile; fileRef = 05C8C33724AE2D050095E313 /* FatFile.hpp */; };
		05C8C33C24AE2D400095E313 /* Functions.cpp in Sources */ = {isa = PBXBuildFile; fileRef = 05C8C33A24AE2D400095E313 /* Functions.cpp */; };
		05C8C33D24AE2D400095E313 /* Functions.hpp in Headers */ = {isa = PBXBuildFile; fileRef = 05C8C33B24AE2D400095E313 /* Functions.hpp */; };
		05C8C34024AE49D10095E313 /* FatArch.cpp in Sources */ = {isa = PBXBuildFile; fileRef = 05C8C33E24AE49D10095E313 /* FatArch.cpp */; };
		05C8C34124AE49D10095E313 /* FatArch.hpp in Headers */ = {isa = PBXBuildFile; fileRef = 05C8C33F24AE49D10095E313 /* FatArch.hpp */; };
		05C8C34824AE892F0095E313 /* Display.cpp in Sources */ = {isa = PBXBuildFile; fileRef = 05C8C34624AE892F0095E313 /* Display.cpp */; };
		05C8C36624AF7A530095E313 /* LoadCommand.hpp in Headers */ = {isa = PBXBuildFile; fileRef = 05C8C36424AF7A530095E313 /* LoadCommand.hpp */; };
		05C8C38D24AFDDEE0095E313 /* Segment.hpp in Headers */ = {isa = PBXBuildFile; fileRef = 05C8C37D24AFDDED0095E313 /* Segment.hpp */; };
		05C8C38E24AFDDEE0095E313 /* Routines.hpp in Headers */ = {isa = PBXBuildFile; fileRef = 05C8C37E24AFDDED0095E313 /* Routines.hpp */; };
		05C8C38F24AFDDEE0095E313 /* Dylib.hpp in Headers */ = {isa = PBXBuildFile; fileRef = 05C8C37F24AFDDED0095E313 /* Dylib.hpp */; };
		05C8C39024AFDDEE0095E313 /* DysymTab.hpp in Headers */ = {isa = PBXBuildFile; fileRef = 05C8C38024AFDDED0095E313 /* DysymTab.hpp */; };
		05C8C39124AFDDEE0095E313 /* SymTab.hpp in Headers */ = {isa = PBXBuildFile; fileRef = 05C8C38124AFDDED0095E313 /* SymTab.hpp */; };
		05C8C39224AFDDEE0095E313 /* SubClient.hpp in Headers */ = {isa = PBXBuildFile; fileRef = 05C8C38224AFDDED0095E313 /* SubClient.hpp */; };
		05C8C39324AFDDEE0095E313 /* TwoLevelHints.hpp in Headers */ = {isa = PBXBuildFile; fileRef = 05C8C38324AFDDED0095E313 /* TwoLevelHints.hpp */; };
		05C8C39424AFDDEE0095E313 /* SubLibrary.hpp in Headers */ = {isa = PBXBuildFile; fileRef = 05C8C38424AFDDED0095E313 /* SubLibrary.hpp */; };
		05C8C39524AFDDEE0095E313 /* SubFramework.hpp in Headers */ = {isa = PBXBuildFile; fileRef = 05C8C38524AFDDED0095E313 /* SubFramework.hpp */; };
		05C8C39624AFDDEE0095E313 /* Thread.hpp in Headers */ = {isa = PBXBuildFile; fileRef = 05C8C38624AFDDEE0095E313 /* Thread.hpp */; };
		05C8C39724AFDDEE0095E313 /* Dylinker.hpp in Headers */ = {isa = PBXBuildFile; fileRef = 05C8C38724AFDDEE0095E313 /* Dylinker.hpp */; };
		05C8C39824AFDDEE0095E313 /* Unknown.hpp in Headers */ = {isa = PBXBuildFile; fileRef = 05C8C38824AFDDEE0095E313 /* Unknown.hpp */; };
		05C8C39924AFDDEE0095E313 /* Segment64.hpp in Headers */ = {isa = PBXBuildFile; fileRef = 05C8C38924AFDDEE0095E313 /* Segment64.hpp */; };
		05C8C39A24AFDDEE0095E313 /* UUID.hpp in Headers */ = {isa = PBXBuildFile; fileRef = 05C8C38A24AFDDEE0095E313 /* UUID.hpp */; };
		05C8C39B24AFDDEE0095E313 /* SubUmbrella.hpp in Headers */ = {isa = PBXBuildFile; fileRef = 05C8C38B24AFDDEE0095E313 /* SubUmbrella.hpp */; };
		05C8C39C24AFDDEE0095E313 /* PreboundDylib.hpp in Headers */ = {isa = PBXBuildFile; fileRef = 05C8C38C24AFDDEE0095E313 /* PreboundDylib.hpp */; };
		05C8C3AC24AFDDF60095E313 /* SubLibrary.cpp in Sources */ = {isa = PBXBuildFile; fileRef = 05C8C39D24AFDDF60095E313 /* SubLibrary.cpp */; };
		05C8C3AD24AFDDF60095E313 /* UUID.cpp in Sources */ = {isa = PBXBuildFile; fileRef = 05C8C39E24AFDDF60095E313 /* UUID.cpp */; };
		05C8C3AE24AFDDF60095E313 /* SubClient.cpp in Sources */ = {isa = PBXBuildFile; fileRef = 05C8C39F24AFDDF60095E313 /* SubClient.cpp */; };
		05C8C3AF24AFDDF60095E313 /* TwoLevelHints.cpp in Sources */ = {isa = PBXBuildFile; fileRef = 05C8C3A024AFDDF60095E313 /* TwoLevelHints.cpp */; };
		05C8C3B024AFDDF60095E313 /* Routines.cpp in Sources */ = {isa = PBXBuildFile; fileRef = 05C8C3A124AFDDF60095E313 /* Routines.cpp */; };
		05C8C3B124AFDDF60095E313 /* Dylib.cpp in Sources */ = {isa = PBXBuildFile; fileRef = 05C8C3A224AFDDF60095E313 /* Dylib.cpp */; };
		05C8C3B224AFDDF60095E313 /* SubUmbrella.cpp in Sources */ = {isa = PBXBuildFile; fileRef = 05C8C3A324AFDDF60095E313 /* SubUmbrella.cpp */; };
		05C8C3B324AFDDF60095E313 /* Unknown.cpp in Sources */ = {isa = PBXBuildFile; fileRef = 05C8C3A424AFDDF60095E313 /* Unknown.cpp */; };
		05C8C3B424AFDDF60095E313 /* DysymTab.cpp in Sources */ = {isa = PBXBuildFile; fileRef = 05C8C3A524AFDDF60095E313 /* DysymTab.cpp */; };
		05C8C3B524AFDDF60095E313 /* Thread.cpp in Sources */ = {isa = PBXBuildFile; fileRef = 05C8C3A624AFDDF60095E313 /* Thread.cpp */; };
		05C8C3B624AFDDF60095E313 /* Dylinker.cpp in Sources */ = {isa = PBXBuildFile; fileRef = 05C8C3A724AFDDF60095E313 /* Dylinker.cpp */; };
		05C8C3B724AFDDF60095E313 /* Segment64.cpp in Sources */ = {isa = PBXBuildFile; fileRef = 05C8C3A824AFDDF60095E313 /* Segment64.cpp */; };
		05C8C3B824AFDDF60095E313 /* Segment.cpp in Sources */ = {isa = PBXBuildFile; fileRef = 05C8C3A924AFDDF60095E313 /* Segment.cpp */; };
		05C8C3B924AFDDF60095E313 /* SymTab.cpp in Sources */ = {isa = PBXBuildFile; fileRef = 05C8C3AA24AFDDF60095E313 /* SymTab.cpp */; };
		05C8C3BA24AFDDF60095E313 /* SubFramework.cpp in Sources */ = {isa = PBXBuildFile; fileRef = 05C8C3AB24AFDDF60095E313 /* SubFramework.cpp */; };
		05C8C3BC24AFDFEF0095E313 /* PreboundDylib.cpp in Sources */ = {isa = PBXBuildFile; fileRef = 05C8C3BB24AFDFEF0095E313 /* PreboundDylib.cpp */; };
		05C8C3CF24AFE9440095E313 /* EncryptionInfo.hpp in Headers */ = {isa = PBXBuildFile; fileRef = 05C8C3BD24AFE9430095E313 /* EncryptionInfo.hpp */; };
		05C8C3D024AFE9440095E313 /* BuildVersion.hpp in Headers */ = {isa = PBXBuildFile; fileRef = 05C8C3BE24AFE9430095E313 /* BuildVersion.hpp */; };
		05C8C3D124AFE9440095E313 /* LinkEditData.hpp in Headers */ = {isa = PBXBuildFile; fileRef = 05C8C3BF24AFE9430095E313 /* LinkEditData.hpp */; };
		05C8C3D224AFE9440095E313 /* EncryptionInfo64.hpp in Headers */ = {isa = PBXBuildFile; fileRef = 05C8C3C024AFE9430095E313 /* EncryptionInfo64.hpp */; };
		05C8C3D324AFE9440095E313 /* LinkerOption.hpp in Headers */ = {isa = PBXBuildFile; fileRef = 05C8C3C124AFE9440095E313 /* LinkerOption.hpp */; };
		05C8C3D424AFE9440095E313 /* DyldInfo.hpp in Headers */ = {isa = PBXBuildFile; fileRef = 05C8C3C224AFE9440095E313 /* DyldInfo.hpp */; };
		05C8C3D524AFE9440095E313 /* Ident.hpp in Headers */ = {isa = PBXBuildFile; fileRef = 05C8C3C324AFE9440095E313 /* Ident.hpp */; };
		05C8C3D624AFE9440095E313 /* Note.hpp in Headers */ = {isa = PBXBuildFile; fileRef = 05C8C3C424AFE9440095E313 /* Note.hpp */; };
		05C8C3D724AFE9440095E313 /* SymSeg.hpp in Headers */ = {isa = PBXBuildFile; fileRef = 05C8C3C524AFE9440095E313 /* SymSeg.hpp */; };
		05C8C3D824AFE9440095E313 /* FVMLib.hpp in Headers */ = {isa = PBXBuildFile; fileRef = 05C8C3C624AFE9440095E313 /* FVMLib.hpp */; };
		05C8C3D924AFE9440095E313 /* FVMFile.hpp in Headers */ = {isa = PBXBuildFile; fileRef = 05C8C3C724AFE9440095E313 /* FVMFile.hpp */; };
		05C8C3DA24AFE9440095E313 /* PrebindChecksum.hpp in Headers */ = {isa = PBXBuildFile; fileRef = 05C8C3C824AFE9440095E313 /* PrebindChecksum.hpp */; };
		05C8C3DB24AFE9440095E313 /* PrePage.hpp in Headers */ = {isa = PBXBuildFile; fileRef = 05C8C3C924AFE9440095E313 /* PrePage.hpp */; };
		05C8C3DC24AFE9440095E313 /* EntryPoint.hpp in Headers */ = {isa = PBXBuildFile; fileRef = 05C8C3CA24AFE9440095E313 /* EntryPoint.hpp */; };
		05C8C3DD24AFE9440095E313 /* Routines64.hpp in Headers */ = {isa = PBXBuildFile; fileRef = 05C8C3CB24AFE9440095E313 /* Routines64.hpp */; };
		05C8C3DE24AFE9440095E313 /* SourceVersion.hpp in Headers */ = {isa = PBXBuildFile; fileRef = 05C8C3CC24AFE9440095E313 /* SourceVersion.hpp */; };
		05C8C3DF24AFE9440095E313 /* RPath.hpp in Headers */ = {isa = PBXBuildFile; fileRef = 05C8C3CD24AFE9440095E313 /* RPath.hpp */; };
		05C8C3E024AFE9440095E313 /* FilesetEntry.hpp in Headers */ = {isa = PBXBuildFile; fileRef = 05C8C3CE24AFE9440095E313 /* FilesetEntry.hpp */; };
		05C8C3F424AFE94F0095E313 /* Routines64.cpp in Sources */ = {isa = PBXBuildFile; fileRef = 05C8C3E124AFE94E0095E313 /* Routines64.cpp */; };
		05C8C3F524AFE94F0095E313 /* LinkerOption.cpp in Sources */ = {isa = PBXBuildFile; fileRef = 05C8C3E224AFE94E0095E313 /* LinkerOption.cpp */; };
		05C8C3F624AFE94F0095E313 /* RPath.cpp in Sources */ = {isa = PBXBuildFile; fileRef = 05C8C3E324AFE94E0095E313 /* RPath.cpp */; };
		05C8C3F724AFE94F0095E313 /* SymSeg.cpp in Sources */ = {isa = PBXBuildFile; fileRef = 05C8C3E424AFE94E0095E313 /* SymSeg.cpp */; };
		05C8C3F824AFE94F0095E313 /* FVMLib.cpp in Sources */ = {isa = PBXBuildFile; fileRef = 05C8C3E524AFE94E0095E313 /* FVMLib.cpp */; };
		05C8C3F924AFE94F0095E313 /* EntryPoint.cpp in Sources */ = {isa = PBXBuildFile; fileRef = 05C8C3E624AFE94E0095E313 /* EntryPoint.cpp */; };
		05C8C3FA24AFE94F0095E313 /* VersionMin.cpp in Sources */ = {isa = PBXBuildFile; fileRef = 05C8C3E724AFE94E0095E313 /* VersionMin.cpp */; };
		05C8C3FB24AFE94F0095E313 /* SourceVersion.cpp in Sources */ = {isa = PBXBuildFile; fileRef = 05C8C3E824AFE94E0095E313 /* SourceVersion.cpp */; };
		05C8C3FC24AFE94F0095E313 /* DyldInfo.cpp in Sources */ = {isa = PBXBuildFile; fileRef = 05C8C3E924AFE94E0095E313 /* DyldInfo.cpp */; };
		05C8C3FD24AFE94F0095E313 /* PrePage.cpp in Sources */ = {isa = PBXBuildFile; fileRef = 05C8C3EA24AFE94E0095E313 /* PrePage.cpp */; };
		05C8C3FE24AFE94F0095E313 /* Note.cpp in Sources */ = {isa = PBXBuildFile; fileRef = 05C8C3EB24AFE94E0095E313 /* Note.cpp */; };
		05C8C3FF24AFE94F0095E313 /* FilesetEntry.cpp in Sources */ = {isa = PBXBuildFile; fileRef = 05C8C3EC24AFE94F0095E313 /* FilesetEntry.cpp */; };
		05C8C40024AFE94F0095E313 /* BuildVersion.cpp in Sources */ = {isa = PBXBuildFile; fileRef = 05C8C3ED24AFE94F0095E313 /* BuildVersion.cpp */; };
		05C8C40124AFE94F0095E313 /* EncryptionInfo.cpp in Sources */ = {isa = PBXBuildFile; fileRef = 05C8C3EE24AFE94F0095E313 /* EncryptionInfo.cpp */; };
		05C8C40224AFE94F0095E313 /* LinkEditData.cpp in Sources */ = {isa = PBXBuildFile; fileRef = 05C8C3EF24AFE94F0095E313 /* LinkEditData.cpp */; };
		05C8C40324AFE94F0095E313 /* EncryptionInfo64.cpp in Sources */ = {isa = PBXBuildFile; fileRef = 05C8C3F024AFE94F0095E313 /* EncryptionInfo64.cpp */; };
		05C8C40424AFE94F0095E313 /* PrebindChecksum.cpp in Sources */ = {isa = PBXBuildFile; fileRef = 05C8C3F124AFE94F0095E313 /* PrebindChecksum.cpp */; };
		05C8C40524AFE94F0095E313 /* Ident.cpp in Sources */ = {isa = PBXBuildFile; fileRef = 05C8C3F224AFE94F0095E313 /* Ident.cpp */; };
		05C8C40624AFE94F0095E313 /* FVMFile.cpp in Sources */ = {isa = PBXBuildFile; fileRef = 05C8C3F324AFE94F0095E313 /* FVMFile.cpp */; };
		05C8C40824AFEB4B0095E313 /* VersionMin.hpp in Headers */ = {isa = PBXBuildFile; fileRef = 05C8C40724AFEB4B0095E313 /* VersionMin.hpp */; };
		05C8C41724AFEF6E0095E313 /* ToString.cpp in Sources */ = {isa = PBXBuildFile; fileRef = 05C8C41524AFEF6E0095E313 /* ToString.cpp */; };
		05C8C41824AFEF6E0095E313 /* ToString.hpp in Headers */ = {isa = PBXBuildFile; fileRef = 05C8C41624AFEF6E0095E313 /* ToString.hpp */; };
		05C8C41B24AFF5C10095E313 /* CPU.cpp in Sources */ = {isa = PBXBuildFile; fileRef = 05C8C41924AFF5C10095E313 /* CPU.cpp */; };
		05C8C41C24AFF5C10095E313 /* CPU.hpp in Headers */ = {isa = PBXBuildFile; fileRef = 05C8C41A24AFF5C10095E313 /* CPU.hpp */; };
		05C8C41E24B0C3110095E313 /* IntegerWrapper.hpp in Headers */ = {isa = PBXBuildFile; fileRef = 05C8C41D24B0C3110095E313 /* IntegerWrapper.hpp */; };
		05C8C42124B0C4520095E313 /* FileFlags.hpp in Headers */ = {isa = PBXBuildFile; fileRef = 05C8C41F24B0C4510095E313 /* FileFlags.hpp */; };
		05C8C42224B0C4520095E313 /* FileType.hpp in Headers */ = {isa = PBXBuildFile; fileRef = 05C8C42024B0C4510095E313 /* FileType.hpp */; };
		05C8C42524B0C4580095E313 /* FileFlags.cpp in Sources */ = {isa = PBXBuildFile; fileRef = 05C8C42324B0C4580095E313 /* FileFlags.cpp */; };
		05C8C42824B0C4C20095E313 /* FileType.cpp in Sources */ = {isa = PBXBuildFile; fileRef = 05C8C42724B0C4C20095E313 /* FileType.cpp */; };
		05C8C42B24B0D82A0095E313 /* LoadCommand.cpp in Sources */ = {isa = PBXBuildFile; fileRef = 05C8C42924B0D82A0095E313 /* LoadCommand.cpp */; };
		05C8C43324B0F55E0095E313 /* Platform.cpp in Sources */ = {isa = PBXBuildFile; fileRef = 05C8C43124B0F55E0095E313 /* Platform.cpp */; };
		05C8C43424B0F55E0095E313 /* Platform.hpp in Headers */ = {isa = PBXBuildFile; fileRef = 05C8C43224B0F55E0095E313 /* Platform.hpp */; };
		05C8C43724B1070C0095E313 /* Tool.cpp in Sources */ = {isa = PBXBuildFile; fileRef = 05C8C43524B1070C0095E313 /* Tool.cpp */; };
		05C8C43824B1070C0095E313 /* Tool.hpp in Headers */ = {isa = PBXBuildFile; fileRef = 05C8C43624B1070C0095E313 /* Tool.hpp */; };
		05C8C45324B4C3060095E313 /* CacheFile.hpp in Headers */ = {isa = PBXBuildFile; fileRef = 05C8C45224B4C3060095E313 /* CacheFile.hpp */; };
		05C8C45524B4C30D0095E313 /* CacheFile.cpp in Sources */ = {isa = PBXBuildFile; fileRef = 05C8C45424B4C30D0095E313 /* CacheFile.cpp */; };
		05C8C45824B4CD360095E313 /* CacheImageInfo.cpp in Sources */ = {isa = PBXBuildFile; fileRef = 05C8C45624B4CD360095E313 /* CacheImageInfo.cpp */; };
		05C8C45924B4CD360095E313 /* CacheImageInfo.hpp in Headers */ = {isa = PBXBuildFile; fileRef = 05C8C45724B4CD360095E313 /* CacheImageInfo.hpp */; };
		05C8C45C24B4D3CE0095E313 /* CacheMappingInfo.cpp in Sources */ = {isa = PBXBuildFile; fileRef = 05C8C45A24B4D3CE0095E313 /* CacheMappingInfo.cpp */; };
		05C8C45D24B4D3CE0095E313 /* CacheMappingInfo.hpp in Headers */ = {isa = PBXBuildFile; fileRef = 05C8C45B24B4D3CE0095E313 /* CacheMappingInfo.hpp */; };
		05C8C46024B4E5DA0095E313 /* Section.cpp in Sources */ = {isa = PBXBuildFile; fileRef = 05C8C45E24B4E5DA0095E313 /* Section.cpp */; };
		05C8C46124B4E5DA0095E313 /* Section.hpp in Headers */ = {isa = PBXBuildFile; fileRef = 05C8C45F24B4E5DA0095E313 /* Section.hpp */; };
		05C8C46324B4E8B40095E313 /* Section64.cpp in Sources */ = {isa = PBXBuildFile; fileRef = 05C8C46224B4E8B40095E313 /* Section64.cpp */; };
		05C8C46524B4E8C00095E313 /* Section64.hpp in Headers */ = {isa = PBXBuildFile; fileRef = 05C8C46424B4E8C00095E313 /* Section64.hpp */; };
		05C8C46824B503490095E313 /* SectionFlags.cpp in Sources */ = {isa = PBXBuildFile; fileRef = 05C8C46624B503490095E313 /* SectionFlags.cpp */; };
		05C8C46924B503490095E313 /* SectionFlags.hpp in Headers */ = {isa = PBXBuildFile; fileRef = 05C8C46724B503490095E313 /* SectionFlags.hpp */; };
		05C8C4A424B5193A0095E313 /* libXS++.a in Frameworks */ = {isa = PBXBuildFile; fileRef = 05C8C4A124B5191E0095E313 /* libXS++.a */; };
/* End PBXBuildFile section */

/* Begin PBXContainerItemProxy section */
		05C8C31C24AE1BAA0095E313 /* PBXContainerItemProxy */ = {
			isa = PBXContainerItemProxy;
			containerPortal = 055C8E40245DC5FD0099DFF8 /* Project object */;
			proxyType = 1;
			remoteGlobalIDString = 05C8C31024AE1B030095E313;
			remoteInfo = "lib-macho";
		};
		05C8C4A024B5191E0095E313 /* PBXContainerItemProxy */ = {
			isa = PBXContainerItemProxy;
			containerPortal = 05C8C49C24B5191D0095E313 /* XS++.xcodeproj */;
			proxyType = 2;
			remoteGlobalIDString = 05C8C31124AE1B030095E313;
			remoteInfo = "XS++";
		};
		05C8C4A224B519370095E313 /* PBXContainerItemProxy */ = {
			isa = PBXContainerItemProxy;
			containerPortal = 05C8C49C24B5191D0095E313 /* XS++.xcodeproj */;
			proxyType = 1;
			remoteGlobalIDString = 05C8C31024AE1B030095E313;
			remoteInfo = "XS++";
		};
		05F077102B9A8CB1003AD213 /* PBXContainerItemProxy */ = {
			isa = PBXContainerItemProxy;
			containerPortal = 05C8C49C24B5191D0095E313 /* XS++.xcodeproj */;
			proxyType = 1;
			remoteGlobalIDString = 05C8C31024AE1B030095E313;
			remoteInfo = "XS++";
		};
/* End PBXContainerItemProxy section */

/* Begin PBXCopyFilesBuildPhase section */
		055C8E5F245DC6570099DFF8 /* CopyFiles */ = {
			isa = PBXCopyFilesBuildPhase;
			buildActionMask = 2147483647;
			dstPath = /usr/share/man/man1/;
			dstSubfolderSpec = 0;
			files = (
			);
			runOnlyForDeploymentPostprocessing = 1;
		};
/* End PBXCopyFilesBuildPhase section */

/* Begin PBXFileReference section */
		055C8E61245DC6570099DFF8 /* macho */ = {isa = PBXFileReference; explicitFileType = "compiled.mach-o.executable"; includeInIndex = 0; path = macho; sourceTree = BUILT_PRODUCTS_DIR; };
		055C8E6D245DC6870099DFF8 /* Release - ccache.xcconfig */ = {isa = PBXFileReference; lastKnownFileType = text.xcconfig; path = "Release - ccache.xcconfig"; sourceTree = "<group>"; };
		055C8E6E245DC6870099DFF8 /* Common.xcconfig */ = {isa = PBXFileReference; lastKnownFileType = text.xcconfig; path = Common.xcconfig; sourceTree = "<group>"; };
		055C8E6F245DC6870099DFF8 /* Debug - ccache.xcconfig */ = {isa = PBXFileReference; lastKnownFileType = text.xcconfig; path = "Debug - ccache.xcconfig"; sourceTree = "<group>"; };
		055C8E70245DC6870099DFF8 /* Debug.xcconfig */ = {isa = PBXFileReference; lastKnownFileType = text.xcconfig; path = Debug.xcconfig; sourceTree = "<group>"; };
		055C8E71245DC6870099DFF8 /* Release.xcconfig */ = {isa = PBXFileReference; lastKnownFileType = text.xcconfig; path = Release.xcconfig; sourceTree = "<group>"; };
		055C8E72245DC6870099DFF8 /* README.md */ = {isa = PBXFileReference; lastKnownFileType = net.daringfireball.markdown; path = README.md; sourceTree = "<group>"; };
		055C8E73245DC6870099DFF8 /* Release - Library.xcconfig */ = {isa = PBXFileReference; lastKnownFileType = text.xcconfig; path = "Release - Library.xcconfig"; sourceTree = "<group>"; };
		055C8E75245DC6870099DFF8 /* Signing.xcconfig */ = {isa = PBXFileReference; lastKnownFileType = text.xcconfig; path = Signing.xcconfig; sourceTree = "<group>"; };
		055C8E76245DC6870099DFF8 /* Architectures.xcconfig */ = {isa = PBXFileReference; lastKnownFileType = text.xcconfig; path = Architectures.xcconfig; sourceTree = "<group>"; };
		055C8E78245DC6870099DFF8 /* Issues.xcconfig */ = {isa = PBXFileReference; lastKnownFileType = text.xcconfig; path = Issues.xcconfig; sourceTree = "<group>"; };
		055C8E7A245DC6870099DFF8 /* Apple-APIs.xcconfig */ = {isa = PBXFileReference; lastKnownFileType = text.xcconfig; path = "Apple-APIs.xcconfig"; sourceTree = "<group>"; };
		055C8E7B245DC6870099DFF8 /* Generic-Issues.xcconfig */ = {isa = PBXFileReference; lastKnownFileType = text.xcconfig; path = "Generic-Issues.xcconfig"; sourceTree = "<group>"; };
		055C8E7C245DC6870099DFF8 /* Security.xcconfig */ = {isa = PBXFileReference; lastKnownFileType = text.xcconfig; path = Security.xcconfig; sourceTree = "<group>"; };
		055C8E7D245DC6870099DFF8 /* Objective-C.xcconfig */ = {isa = PBXFileReference; lastKnownFileType = text.xcconfig; path = "Objective-C.xcconfig"; sourceTree = "<group>"; };
		055C8E7E245DC6870099DFF8 /* Analysis-Policy.xcconfig */ = {isa = PBXFileReference; lastKnownFileType = text.xcconfig; path = "Analysis-Policy.xcconfig"; sourceTree = "<group>"; };
		055C8E7F245DC6870099DFF8 /* Deployment.xcconfig */ = {isa = PBXFileReference; lastKnownFileType = text.xcconfig; path = Deployment.xcconfig; sourceTree = "<group>"; };
		055C8E80245DC6870099DFF8 /* Build-Options.xcconfig */ = {isa = PBXFileReference; lastKnownFileType = text.xcconfig; path = "Build-Options.xcconfig"; sourceTree = "<group>"; };
		055C8E81245DC6870099DFF8 /* Swift-Compiler.xcconfig */ = {isa = PBXFileReference; lastKnownFileType = text.xcconfig; path = "Swift-Compiler.xcconfig"; sourceTree = "<group>"; };
		055C8E82245DC6870099DFF8 /* Static-Analyzer.xcconfig */ = {isa = PBXFileReference; lastKnownFileType = text.xcconfig; path = "Static-Analyzer.xcconfig"; sourceTree = "<group>"; };
		055C8E84245DC6870099DFF8 /* Warnings-Policies.xcconfig */ = {isa = PBXFileReference; lastKnownFileType = text.xcconfig; path = "Warnings-Policies.xcconfig"; sourceTree = "<group>"; };
		055C8E85245DC6870099DFF8 /* Code-Generation.xcconfig */ = {isa = PBXFileReference; lastKnownFileType = text.xcconfig; path = "Code-Generation.xcconfig"; sourceTree = "<group>"; };
		055C8E86245DC6870099DFF8 /* Language.xcconfig */ = {isa = PBXFileReference; lastKnownFileType = text.xcconfig; path = Language.xcconfig; sourceTree = "<group>"; };
		055C8E87245DC6870099DFF8 /* General.xcconfig */ = {isa = PBXFileReference; lastKnownFileType = text.xcconfig; path = General.xcconfig; sourceTree = "<group>"; };
		055C8E88245DC6870099DFF8 /* Search-Paths.xcconfig */ = {isa = PBXFileReference; lastKnownFileType = text.xcconfig; path = "Search-Paths.xcconfig"; sourceTree = "<group>"; };
		055C8E89245DC6870099DFF8 /* Apple-LLVM.xcconfig */ = {isa = PBXFileReference; lastKnownFileType = text.xcconfig; path = "Apple-LLVM.xcconfig"; sourceTree = "<group>"; };
		055C8E8C245DC6870099DFF8 /* Modules.xcconfig */ = {isa = PBXFileReference; lastKnownFileType = text.xcconfig; path = Modules.xcconfig; sourceTree = "<group>"; };
		055C8E8D245DC6870099DFF8 /* Objective-C.xcconfig */ = {isa = PBXFileReference; lastKnownFileType = text.xcconfig; path = "Objective-C.xcconfig"; sourceTree = "<group>"; };
		055C8E8E245DC6870099DFF8 /* C++.xcconfig */ = {isa = PBXFileReference; lastKnownFileType = text.xcconfig; path = "C++.xcconfig"; sourceTree = "<group>"; };
		055C8E8F245DC6870099DFF8 /* Code-Generation.xcconfig */ = {isa = PBXFileReference; lastKnownFileType = text.xcconfig; path = "Code-Generation.xcconfig"; sourceTree = "<group>"; };
		055C8E90245DC6870099DFF8 /* Address-Sanitizer.xcconfig */ = {isa = PBXFileReference; lastKnownFileType = text.xcconfig; path = "Address-Sanitizer.xcconfig"; sourceTree = "<group>"; };
		055C8E91245DC6870099DFF8 /* Language.xcconfig */ = {isa = PBXFileReference; lastKnownFileType = text.xcconfig; path = Language.xcconfig; sourceTree = "<group>"; };
		055C8E92245DC6870099DFF8 /* Warnings.xcconfig */ = {isa = PBXFileReference; lastKnownFileType = text.xcconfig; path = Warnings.xcconfig; sourceTree = "<group>"; };
		055C8E93245DC6870099DFF8 /* Undefined-Behavior-Sanitizer.xcconfig */ = {isa = PBXFileReference; lastKnownFileType = text.xcconfig; path = "Undefined-Behavior-Sanitizer.xcconfig"; sourceTree = "<group>"; };
		055C8E94245DC6870099DFF8 /* Warning-Policies.xcconfig */ = {isa = PBXFileReference; lastKnownFileType = text.xcconfig; path = "Warning-Policies.xcconfig"; sourceTree = "<group>"; };
		055C8E96245DC6870099DFF8 /* Objective-C-ARC.xcconfig */ = {isa = PBXFileReference; lastKnownFileType = text.xcconfig; path = "Objective-C-ARC.xcconfig"; sourceTree = "<group>"; };
		055C8E97245DC6870099DFF8 /* Objective-C.xcconfig */ = {isa = PBXFileReference; lastKnownFileType = text.xcconfig; path = "Objective-C.xcconfig"; sourceTree = "<group>"; };
		055C8E98245DC6870099DFF8 /* C++.xcconfig */ = {isa = PBXFileReference; lastKnownFileType = text.xcconfig; path = "C++.xcconfig"; sourceTree = "<group>"; };
		055C8E99245DC6870099DFF8 /* All-Languages.xcconfig */ = {isa = PBXFileReference; lastKnownFileType = text.xcconfig; path = "All-Languages.xcconfig"; sourceTree = "<group>"; };
		055C8E9A245DC6870099DFF8 /* Preprocessing.xcconfig */ = {isa = PBXFileReference; lastKnownFileType = text.xcconfig; path = Preprocessing.xcconfig; sourceTree = "<group>"; };
		055C8E9B245DC6870099DFF8 /* Debug - Library.xcconfig */ = {isa = PBXFileReference; lastKnownFileType = text.xcconfig; path = "Debug - Library.xcconfig"; sourceTree = "<group>"; };
		055C8E9C245DC6870099DFF8 /* .gitignore */ = {isa = PBXFileReference; lastKnownFileType = text; path = .gitignore; sourceTree = "<group>"; };
		055C8E9E245DC6870099DFF8 /* ccache-config.sh */ = {isa = PBXFileReference; lastKnownFileType = text.script.sh; path = "ccache-config.sh"; sourceTree = "<group>"; };
		055C8E9F245DC6870099DFF8 /* ccache.sh */ = {isa = PBXFileReference; lastKnownFileType = text.script.sh; path = ccache.sh; sourceTree = "<group>"; };
		055C8EF3246075A80099DFF8 /* README.md */ = {isa = PBXFileReference; lastKnownFileType = net.daringfireball.markdown; path = README.md; sourceTree = "<group>"; };
		055E596A24B71CC7005343D3 /* DataInfo.cpp */ = {isa = PBXFileReference; lastKnownFileType = sourcecode.cpp.cpp; path = DataInfo.cpp; sourceTree = "<group>"; };
		055E596B24B71CC7005343D3 /* DataInfo.hpp */ = {isa = PBXFileReference; lastKnownFileType = sourcecode.cpp.h; path = DataInfo.hpp; sourceTree = "<group>"; };
		056ECE462B9A637900C186E2 /* Symbol.cpp */ = {isa = PBXFileReference; lastKnownFileType = sourcecode.cpp.cpp; path = Symbol.cpp; sourceTree = "<group>"; };
		056ECE472B9A637900C186E2 /* Symbol.hpp */ = {isa = PBXFileReference; lastKnownFileType = sourcecode.cpp.h; path = Symbol.hpp; sourceTree = "<group>"; };
		05A29D3A24AC8E480025C57D /* main.cpp */ = {isa = PBXFileReference; lastKnownFileType = sourcecode.cpp.cpp; path = main.cpp; sourceTree = "<group>"; };
		05A29D4224AC90ED0025C57D /* Arguments.cpp */ = {isa = PBXFileReference; lastKnownFileType = sourcecode.cpp.cpp; path = Arguments.cpp; sourceTree = "<group>"; };
		05A29D4324AC90ED0025C57D /* Arguments.hpp */ = {isa = PBXFileReference; lastKnownFileType = sourcecode.cpp.h; path = Arguments.hpp; sourceTree = "<group>"; };
		05C8C31124AE1B030095E313 /* libmacho.a */ = {isa = PBXFileReference; explicitFileType = archive.ar; includeInIndex = 0; path = libmacho.a; sourceTree = BUILT_PRODUCTS_DIR; };
		05C8C32224AE1BE90095E313 /* File.cpp */ = {isa = PBXFileReference; lastKnownFileType = sourcecode.cpp.cpp; path = File.cpp; sourceTree = "<group>"; };
		05C8C32324AE1BE90095E313 /* File.hpp */ = {isa = PBXFileReference; lastKnownFileType = sourcecode.cpp.h; path = File.hpp; sourceTree = "<group>"; };
		05C8C32624AE1C040095E313 /* MachO.hpp */ = {isa = PBXFileReference; fileEncoding = 4; lastKnownFileType = sourcecode.cpp.h; path = MachO.hpp; sourceTree = "<group>"; };
		05C8C33624AE2D050095E313 /* FatFile.cpp */ = {isa = PBXFileReference; lastKnownFileType = sourcecode.cpp.cpp; path = FatFile.cpp; sourceTree = "<group>"; };
		05C8C33724AE2D050095E313 /* FatFile.hpp */ = {isa = PBXFileReference; lastKnownFileType = sourcecode.cpp.h; path = FatFile.hpp; sourceTree = "<group>"; };
		05C8C33A24AE2D400095E313 /* Functions.cpp */ = {isa = PBXFileReference; lastKnownFileType = sourcecode.cpp.cpp; path = Functions.cpp; sourceTree = "<group>"; };
		05C8C33B24AE2D400095E313 /* Functions.hpp */ = {isa = PBXFileReference; lastKnownFileType = sourcecode.cpp.h; path = Functions.hpp; sourceTree = "<group>"; };
		05C8C33E24AE49D10095E313 /* FatArch.cpp */ = {isa = PBXFileReference; lastKnownFileType = sourcecode.cpp.cpp; path = FatArch.cpp; sourceTree = "<group>"; };
		05C8C33F24AE49D10095E313 /* FatArch.hpp */ = {isa = PBXFileReference; lastKnownFileType = sourcecode.cpp.h; path = FatArch.hpp; sourceTree = "<group>"; };
		05C8C34624AE892F0095E313 /* Display.cpp */ = {isa = PBXFileReference; lastKnownFileType = sourcecode.cpp.cpp; path = Display.cpp; sourceTree = "<group>"; };
		05C8C34724AE892F0095E313 /* Display.hpp */ = {isa = PBXFileReference; lastKnownFileType = sourcecode.cpp.h; path = Display.hpp; sourceTree = "<group>"; };
		05C8C36424AF7A530095E313 /* LoadCommand.hpp */ = {isa = PBXFileReference; lastKnownFileType = sourcecode.cpp.h; path = LoadCommand.hpp; sourceTree = "<group>"; };
		05C8C37D24AFDDED0095E313 /* Segment.hpp */ = {isa = PBXFileReference; fileEncoding = 4; lastKnownFileType = sourcecode.cpp.h; path = Segment.hpp; sourceTree = "<group>"; };
		05C8C37E24AFDDED0095E313 /* Routines.hpp */ = {isa = PBXFileReference; fileEncoding = 4; lastKnownFileType = sourcecode.cpp.h; path = Routines.hpp; sourceTree = "<group>"; };
		05C8C37F24AFDDED0095E313 /* Dylib.hpp */ = {isa = PBXFileReference; fileEncoding = 4; lastKnownFileType = sourcecode.cpp.h; path = Dylib.hpp; sourceTree = "<group>"; };
		05C8C38024AFDDED0095E313 /* DysymTab.hpp */ = {isa = PBXFileReference; fileEncoding = 4; lastKnownFileType = sourcecode.cpp.h; path = DysymTab.hpp; sourceTree = "<group>"; };
		05C8C38124AFDDED0095E313 /* SymTab.hpp */ = {isa = PBXFileReference; fileEncoding = 4; lastKnownFileType = sourcecode.cpp.h; path = SymTab.hpp; sourceTree = "<group>"; };
		05C8C38224AFDDED0095E313 /* SubClient.hpp */ = {isa = PBXFileReference; fileEncoding = 4; lastKnownFileType = sourcecode.cpp.h; path = SubClient.hpp; sourceTree = "<group>"; };
		05C8C38324AFDDED0095E313 /* TwoLevelHints.hpp */ = {isa = PBXFileReference; fileEncoding = 4; lastKnownFileType = sourcecode.cpp.h; path = TwoLevelHints.hpp; sourceTree = "<group>"; };
		05C8C38424AFDDED0095E313 /* SubLibrary.hpp */ = {isa = PBXFileReference; fileEncoding = 4; lastKnownFileType = sourcecode.cpp.h; path = SubLibrary.hpp; sourceTree = "<group>"; };
		05C8C38524AFDDED0095E313 /* SubFramework.hpp */ = {isa = PBXFileReference; fileEncoding = 4; lastKnownFileType = sourcecode.cpp.h; path = SubFramework.hpp; sourceTree = "<group>"; };
		05C8C38624AFDDEE0095E313 /* Thread.hpp */ = {isa = PBXFileReference; fileEncoding = 4; lastKnownFileType = sourcecode.cpp.h; path = Thread.hpp; sourceTree = "<group>"; };
		05C8C38724AFDDEE0095E313 /* Dylinker.hpp */ = {isa = PBXFileReference; fileEncoding = 4; lastKnownFileType = sourcecode.cpp.h; path = Dylinker.hpp; sourceTree = "<group>"; };
		05C8C38824AFDDEE0095E313 /* Unknown.hpp */ = {isa = PBXFileReference; fileEncoding = 4; lastKnownFileType = sourcecode.cpp.h; path = Unknown.hpp; sourceTree = "<group>"; };
		05C8C38924AFDDEE0095E313 /* Segment64.hpp */ = {isa = PBXFileReference; fileEncoding = 4; lastKnownFileType = sourcecode.cpp.h; path = Segment64.hpp; sourceTree = "<group>"; };
		05C8C38A24AFDDEE0095E313 /* UUID.hpp */ = {isa = PBXFileReference; fileEncoding = 4; lastKnownFileType = sourcecode.cpp.h; path = UUID.hpp; sourceTree = "<group>"; };
		05C8C38B24AFDDEE0095E313 /* SubUmbrella.hpp */ = {isa = PBXFileReference; fileEncoding = 4; lastKnownFileType = sourcecode.cpp.h; path = SubUmbrella.hpp; sourceTree = "<group>"; };
		05C8C38C24AFDDEE0095E313 /* PreboundDylib.hpp */ = {isa = PBXFileReference; fileEncoding = 4; lastKnownFileType = sourcecode.cpp.h; path = PreboundDylib.hpp; sourceTree = "<group>"; };
		05C8C39D24AFDDF60095E313 /* SubLibrary.cpp */ = {isa = PBXFileReference; fileEncoding = 4; lastKnownFileType = sourcecode.cpp.cpp; path = SubLibrary.cpp; sourceTree = "<group>"; };
		05C8C39E24AFDDF60095E313 /* UUID.cpp */ = {isa = PBXFileReference; fileEncoding = 4; lastKnownFileType = sourcecode.cpp.cpp; path = UUID.cpp; sourceTree = "<group>"; };
		05C8C39F24AFDDF60095E313 /* SubClient.cpp */ = {isa = PBXFileReference; fileEncoding = 4; lastKnownFileType = sourcecode.cpp.cpp; path = SubClient.cpp; sourceTree = "<group>"; };
		05C8C3A024AFDDF60095E313 /* TwoLevelHints.cpp */ = {isa = PBXFileReference; fileEncoding = 4; lastKnownFileType = sourcecode.cpp.cpp; path = TwoLevelHints.cpp; sourceTree = "<group>"; };
		05C8C3A124AFDDF60095E313 /* Routines.cpp */ = {isa = PBXFileReference; fileEncoding = 4; lastKnownFileType = sourcecode.cpp.cpp; path = Routines.cpp; sourceTree = "<group>"; };
		05C8C3A224AFDDF60095E313 /* Dylib.cpp */ = {isa = PBXFileReference; fileEncoding = 4; lastKnownFileType = sourcecode.cpp.cpp; path = Dylib.cpp; sourceTree = "<group>"; };
		05C8C3A324AFDDF60095E313 /* SubUmbrella.cpp */ = {isa = PBXFileReference; fileEncoding = 4; lastKnownFileType = sourcecode.cpp.cpp; path = SubUmbrella.cpp; sourceTree = "<group>"; };
		05C8C3A424AFDDF60095E313 /* Unknown.cpp */ = {isa = PBXFileReference; fileEncoding = 4; lastKnownFileType = sourcecode.cpp.cpp; path = Unknown.cpp; sourceTree = "<group>"; };
		05C8C3A524AFDDF60095E313 /* DysymTab.cpp */ = {isa = PBXFileReference; fileEncoding = 4; lastKnownFileType = sourcecode.cpp.cpp; path = DysymTab.cpp; sourceTree = "<group>"; };
		05C8C3A624AFDDF60095E313 /* Thread.cpp */ = {isa = PBXFileReference; fileEncoding = 4; lastKnownFileType = sourcecode.cpp.cpp; path = Thread.cpp; sourceTree = "<group>"; };
		05C8C3A724AFDDF60095E313 /* Dylinker.cpp */ = {isa = PBXFileReference; fileEncoding = 4; lastKnownFileType = sourcecode.cpp.cpp; path = Dylinker.cpp; sourceTree = "<group>"; };
		05C8C3A824AFDDF60095E313 /* Segment64.cpp */ = {isa = PBXFileReference; fileEncoding = 4; lastKnownFileType = sourcecode.cpp.cpp; path = Segment64.cpp; sourceTree = "<group>"; };
		05C8C3A924AFDDF60095E313 /* Segment.cpp */ = {isa = PBXFileReference; fileEncoding = 4; lastKnownFileType = sourcecode.cpp.cpp; path = Segment.cpp; sourceTree = "<group>"; };
		05C8C3AA24AFDDF60095E313 /* SymTab.cpp */ = {isa = PBXFileReference; fileEncoding = 4; lastKnownFileType = sourcecode.cpp.cpp; path = SymTab.cpp; sourceTree = "<group>"; };
		05C8C3AB24AFDDF60095E313 /* SubFramework.cpp */ = {isa = PBXFileReference; fileEncoding = 4; lastKnownFileType = sourcecode.cpp.cpp; path = SubFramework.cpp; sourceTree = "<group>"; };
		05C8C3BB24AFDFEF0095E313 /* PreboundDylib.cpp */ = {isa = PBXFileReference; fileEncoding = 4; lastKnownFileType = sourcecode.cpp.cpp; path = PreboundDylib.cpp; sourceTree = "<group>"; };
		05C8C3BD24AFE9430095E313 /* EncryptionInfo.hpp */ = {isa = PBXFileReference; fileEncoding = 4; lastKnownFileType = sourcecode.cpp.h; path = EncryptionInfo.hpp; sourceTree = "<group>"; };
		05C8C3BE24AFE9430095E313 /* BuildVersion.hpp */ = {isa = PBXFileReference; fileEncoding = 4; lastKnownFileType = sourcecode.cpp.h; path = BuildVersion.hpp; sourceTree = "<group>"; };
		05C8C3BF24AFE9430095E313 /* LinkEditData.hpp */ = {isa = PBXFileReference; fileEncoding = 4; lastKnownFileType = sourcecode.cpp.h; path = LinkEditData.hpp; sourceTree = "<group>"; };
		05C8C3C024AFE9430095E313 /* EncryptionInfo64.hpp */ = {isa = PBXFileReference; fileEncoding = 4; lastKnownFileType = sourcecode.cpp.h; path = EncryptionInfo64.hpp; sourceTree = "<group>"; };
		05C8C3C124AFE9440095E313 /* LinkerOption.hpp */ = {isa = PBXFileReference; fileEncoding = 4; lastKnownFileType = sourcecode.cpp.h; path = LinkerOption.hpp; sourceTree = "<group>"; };
		05C8C3C224AFE9440095E313 /* DyldInfo.hpp */ = {isa = PBXFileReference; fileEncoding = 4; lastKnownFileType = sourcecode.cpp.h; path = DyldInfo.hpp; sourceTree = "<group>"; };
		05C8C3C324AFE9440095E313 /* Ident.hpp */ = {isa = PBXFileReference; fileEncoding = 4; lastKnownFileType = sourcecode.cpp.h; path = Ident.hpp; sourceTree = "<group>"; };
		05C8C3C424AFE9440095E313 /* Note.hpp */ = {isa = PBXFileReference; fileEncoding = 4; lastKnownFileType = sourcecode.cpp.h; path = Note.hpp; sourceTree = "<group>"; };
		05C8C3C524AFE9440095E313 /* SymSeg.hpp */ = {isa = PBXFileReference; fileEncoding = 4; lastKnownFileType = sourcecode.cpp.h; path = SymSeg.hpp; sourceTree = "<group>"; };
		05C8C3C624AFE9440095E313 /* FVMLib.hpp */ = {isa = PBXFileReference; fileEncoding = 4; lastKnownFileType = sourcecode.cpp.h; path = FVMLib.hpp; sourceTree = "<group>"; };
		05C8C3C724AFE9440095E313 /* FVMFile.hpp */ = {isa = PBXFileReference; fileEncoding = 4; lastKnownFileType = sourcecode.cpp.h; path = FVMFile.hpp; sourceTree = "<group>"; };
		05C8C3C824AFE9440095E313 /* PrebindChecksum.hpp */ = {isa = PBXFileReference; fileEncoding = 4; lastKnownFileType = sourcecode.cpp.h; path = PrebindChecksum.hpp; sourceTree = "<group>"; };
		05C8C3C924AFE9440095E313 /* PrePage.hpp */ = {isa = PBXFileReference; fileEncoding = 4; lastKnownFileType = sourcecode.cpp.h; path = PrePage.hpp; sourceTree = "<group>"; };
		05C8C3CA24AFE9440095E313 /* EntryPoint.hpp */ = {isa = PBXFileReference; fileEncoding = 4; lastKnownFileType = sourcecode.cpp.h; path = EntryPoint.hpp; sourceTree = "<group>"; };
		05C8C3CB24AFE9440095E313 /* Routines64.hpp */ = {isa = PBXFileReference; fileEncoding = 4; lastKnownFileType = sourcecode.cpp.h; path = Routines64.hpp; sourceTree = "<group>"; };
		05C8C3CC24AFE9440095E313 /* SourceVersion.hpp */ = {isa = PBXFileReference; fileEncoding = 4; lastKnownFileType = sourcecode.cpp.h; path = SourceVersion.hpp; sourceTree = "<group>"; };
		05C8C3CD24AFE9440095E313 /* RPath.hpp */ = {isa = PBXFileReference; fileEncoding = 4; lastKnownFileType = sourcecode.cpp.h; path = RPath.hpp; sourceTree = "<group>"; };
		05C8C3CE24AFE9440095E313 /* FilesetEntry.hpp */ = {isa = PBXFileReference; fileEncoding = 4; lastKnownFileType = sourcecode.cpp.h; path = FilesetEntry.hpp; sourceTree = "<group>"; };
		05C8C3E124AFE94E0095E313 /* Routines64.cpp */ = {isa = PBXFileReference; fileEncoding = 4; lastKnownFileType = sourcecode.cpp.cpp; path = Routines64.cpp; sourceTree = "<group>"; };
		05C8C3E224AFE94E0095E313 /* LinkerOption.cpp */ = {isa = PBXFileReference; fileEncoding = 4; lastKnownFileType = sourcecode.cpp.cpp; path = LinkerOption.cpp; sourceTree = "<group>"; };
		05C8C3E324AFE94E0095E313 /* RPath.cpp */ = {isa = PBXFileReference; fileEncoding = 4; lastKnownFileType = sourcecode.cpp.cpp; path = RPath.cpp; sourceTree = "<group>"; };
		05C8C3E424AFE94E0095E313 /* SymSeg.cpp */ = {isa = PBXFileReference; fileEncoding = 4; lastKnownFileType = sourcecode.cpp.cpp; path = SymSeg.cpp; sourceTree = "<group>"; };
		05C8C3E524AFE94E0095E313 /* FVMLib.cpp */ = {isa = PBXFileReference; fileEncoding = 4; lastKnownFileType = sourcecode.cpp.cpp; path = FVMLib.cpp; sourceTree = "<group>"; };
		05C8C3E624AFE94E0095E313 /* EntryPoint.cpp */ = {isa = PBXFileReference; fileEncoding = 4; lastKnownFileType = sourcecode.cpp.cpp; path = EntryPoint.cpp; sourceTree = "<group>"; };
		05C8C3E724AFE94E0095E313 /* VersionMin.cpp */ = {isa = PBXFileReference; fileEncoding = 4; lastKnownFileType = sourcecode.cpp.cpp; path = VersionMin.cpp; sourceTree = "<group>"; };
		05C8C3E824AFE94E0095E313 /* SourceVersion.cpp */ = {isa = PBXFileReference; fileEncoding = 4; lastKnownFileType = sourcecode.cpp.cpp; path = SourceVersion.cpp; sourceTree = "<group>"; };
		05C8C3E924AFE94E0095E313 /* DyldInfo.cpp */ = {isa = PBXFileReference; fileEncoding = 4; lastKnownFileType = sourcecode.cpp.cpp; path = DyldInfo.cpp; sourceTree = "<group>"; };
		05C8C3EA24AFE94E0095E313 /* PrePage.cpp */ = {isa = PBXFileReference; fileEncoding = 4; lastKnownFileType = sourcecode.cpp.cpp; path = PrePage.cpp; sourceTree = "<group>"; };
		05C8C3EB24AFE94E0095E313 /* Note.cpp */ = {isa = PBXFileReference; fileEncoding = 4; lastKnownFileType = sourcecode.cpp.cpp; path = Note.cpp; sourceTree = "<group>"; };
		05C8C3EC24AFE94F0095E313 /* FilesetEntry.cpp */ = {isa = PBXFileReference; fileEncoding = 4; lastKnownFileType = sourcecode.cpp.cpp; path = FilesetEntry.cpp; sourceTree = "<group>"; };
		05C8C3ED24AFE94F0095E313 /* BuildVersion.cpp */ = {isa = PBXFileReference; fileEncoding = 4; lastKnownFileType = sourcecode.cpp.cpp; path = BuildVersion.cpp; sourceTree = "<group>"; };
		05C8C3EE24AFE94F0095E313 /* EncryptionInfo.cpp */ = {isa = PBXFileReference; fileEncoding = 4; lastKnownFileType = sourcecode.cpp.cpp; path = EncryptionInfo.cpp; sourceTree = "<group>"; };
		05C8C3EF24AFE94F0095E313 /* LinkEditData.cpp */ = {isa = PBXFileReference; fileEncoding = 4; lastKnownFileType = sourcecode.cpp.cpp; path = LinkEditData.cpp; sourceTree = "<group>"; };
		05C8C3F024AFE94F0095E313 /* EncryptionInfo64.cpp */ = {isa = PBXFileReference; fileEncoding = 4; lastKnownFileType = sourcecode.cpp.cpp; path = EncryptionInfo64.cpp; sourceTree = "<group>"; };
		05C8C3F124AFE94F0095E313 /* PrebindChecksum.cpp */ = {isa = PBXFileReference; fileEncoding = 4; lastKnownFileType = sourcecode.cpp.cpp; path = PrebindChecksum.cpp; sourceTree = "<group>"; };
		05C8C3F224AFE94F0095E313 /* Ident.cpp */ = {isa = PBXFileReference; fileEncoding = 4; lastKnownFileType = sourcecode.cpp.cpp; path = Ident.cpp; sourceTree = "<group>"; };
		05C8C3F324AFE94F0095E313 /* FVMFile.cpp */ = {isa = PBXFileReference; fileEncoding = 4; lastKnownFileType = sourcecode.cpp.cpp; path = FVMFile.cpp; sourceTree = "<group>"; };
		05C8C40724AFEB4B0095E313 /* VersionMin.hpp */ = {isa = PBXFileReference; fileEncoding = 4; lastKnownFileType = sourcecode.cpp.h; path = VersionMin.hpp; sourceTree = "<group>"; };
		05C8C41524AFEF6E0095E313 /* ToString.cpp */ = {isa = PBXFileReference; lastKnownFileType = sourcecode.cpp.cpp; path = ToString.cpp; sourceTree = "<group>"; };
		05C8C41624AFEF6E0095E313 /* ToString.hpp */ = {isa = PBXFileReference; lastKnownFileType = sourcecode.cpp.h; path = ToString.hpp; sourceTree = "<group>"; };
		05C8C41924AFF5C10095E313 /* CPU.cpp */ = {isa = PBXFileReference; lastKnownFileType = sourcecode.cpp.cpp; path = CPU.cpp; sourceTree = "<group>"; };
		05C8C41A24AFF5C10095E313 /* CPU.hpp */ = {isa = PBXFileReference; lastKnownFileType = sourcecode.cpp.h; path = CPU.hpp; sourceTree = "<group>"; };
		05C8C41D24B0C3110095E313 /* IntegerWrapper.hpp */ = {isa = PBXFileReference; fileEncoding = 4; lastKnownFileType = sourcecode.cpp.h; path = IntegerWrapper.hpp; sourceTree = "<group>"; };
		05C8C41F24B0C4510095E313 /* FileFlags.hpp */ = {isa = PBXFileReference; fileEncoding = 4; lastKnownFileType = sourcecode.cpp.h; path = FileFlags.hpp; sourceTree = "<group>"; };
		05C8C42024B0C4510095E313 /* FileType.hpp */ = {isa = PBXFileReference; fileEncoding = 4; lastKnownFileType = sourcecode.cpp.h; path = FileType.hpp; sourceTree = "<group>"; };
		05C8C42324B0C4580095E313 /* FileFlags.cpp */ = {isa = PBXFileReference; fileEncoding = 4; lastKnownFileType = sourcecode.cpp.cpp; path = FileFlags.cpp; sourceTree = "<group>"; };
		05C8C42724B0C4C20095E313 /* FileType.cpp */ = {isa = PBXFileReference; fileEncoding = 4; lastKnownFileType = sourcecode.cpp.cpp; path = FileType.cpp; sourceTree = "<group>"; };
		05C8C42924B0D82A0095E313 /* LoadCommand.cpp */ = {isa = PBXFileReference; lastKnownFileType = sourcecode.cpp.cpp; path = LoadCommand.cpp; sourceTree = "<group>"; };
		05C8C43124B0F55E0095E313 /* Platform.cpp */ = {isa = PBXFileReference; lastKnownFileType = sourcecode.cpp.cpp; path = Platform.cpp; sourceTree = "<group>"; };
		05C8C43224B0F55E0095E313 /* Platform.hpp */ = {isa = PBXFileReference; lastKnownFileType = sourcecode.cpp.h; path = Platform.hpp; sourceTree = "<group>"; };
		05C8C43524B1070C0095E313 /* Tool.cpp */ = {isa = PBXFileReference; lastKnownFileType = sourcecode.cpp.cpp; path = Tool.cpp; sourceTree = "<group>"; };
		05C8C43624B1070C0095E313 /* Tool.hpp */ = {isa = PBXFileReference; lastKnownFileType = sourcecode.cpp.h; path = Tool.hpp; sourceTree = "<group>"; };
		05C8C45224B4C3060095E313 /* CacheFile.hpp */ = {isa = PBXFileReference; fileEncoding = 4; lastKnownFileType = sourcecode.cpp.h; path = CacheFile.hpp; sourceTree = "<group>"; };
		05C8C45424B4C30D0095E313 /* CacheFile.cpp */ = {isa = PBXFileReference; fileEncoding = 4; lastKnownFileType = sourcecode.cpp.cpp; path = CacheFile.cpp; sourceTree = "<group>"; };
		05C8C45624B4CD360095E313 /* CacheImageInfo.cpp */ = {isa = PBXFileReference; lastKnownFileType = sourcecode.cpp.cpp; path = CacheImageInfo.cpp; sourceTree = "<group>"; };
		05C8C45724B4CD360095E313 /* CacheImageInfo.hpp */ = {isa = PBXFileReference; lastKnownFileType = sourcecode.cpp.h; path = CacheImageInfo.hpp; sourceTree = "<group>"; };
		05C8C45A24B4D3CE0095E313 /* CacheMappingInfo.cpp */ = {isa = PBXFileReference; lastKnownFileType = sourcecode.cpp.cpp; path = CacheMappingInfo.cpp; sourceTree = "<group>"; };
		05C8C45B24B4D3CE0095E313 /* CacheMappingInfo.hpp */ = {isa = PBXFileReference; lastKnownFileType = sourcecode.cpp.h; path = CacheMappingInfo.hpp; sourceTree = "<group>"; };
		05C8C45E24B4E5DA0095E313 /* Section.cpp */ = {isa = PBXFileReference; lastKnownFileType = sourcecode.cpp.cpp; path = Section.cpp; sourceTree = "<group>"; };
		05C8C45F24B4E5DA0095E313 /* Section.hpp */ = {isa = PBXFileReference; lastKnownFileType = sourcecode.cpp.h; path = Section.hpp; sourceTree = "<group>"; };
		05C8C46224B4E8B40095E313 /* Section64.cpp */ = {isa = PBXFileReference; fileEncoding = 4; lastKnownFileType = sourcecode.cpp.cpp; path = Section64.cpp; sourceTree = "<group>"; };
		05C8C46424B4E8C00095E313 /* Section64.hpp */ = {isa = PBXFileReference; fileEncoding = 4; lastKnownFileType = sourcecode.cpp.h; path = Section64.hpp; sourceTree = "<group>"; };
		05C8C46624B503490095E313 /* SectionFlags.cpp */ = {isa = PBXFileReference; lastKnownFileType = sourcecode.cpp.cpp; path = SectionFlags.cpp; sourceTree = "<group>"; };
		05C8C46724B503490095E313 /* SectionFlags.hpp */ = {isa = PBXFileReference; lastKnownFileType = sourcecode.cpp.h; path = SectionFlags.hpp; sourceTree = "<group>"; };
		05C8C49C24B5191D0095E313 /* XS++.xcodeproj */ = {isa = PBXFileReference; lastKnownFileType = "wrapper.pb-project"; name = "XS++.xcodeproj"; path = "Submodules/STDXS/XS++.xcodeproj"; sourceTree = "<group>"; };
/* End PBXFileReference section */

/* Begin PBXFrameworksBuildPhase section */
		055C8E5E245DC6570099DFF8 /* Frameworks */ = {
			isa = PBXFrameworksBuildPhase;
			buildActionMask = 2147483647;
			files = (
				05C8C4A424B5193A0095E313 /* libXS++.a in Frameworks */,
				05C8C31E24AE1BAE0095E313 /* libmacho.a in Frameworks */,
			);
			runOnlyForDeploymentPostprocessing = 0;
		};
		05C8C30F24AE1B030095E313 /* Frameworks */ = {
			isa = PBXFrameworksBuildPhase;
			buildActionMask = 2147483647;
			files = (
			);
			runOnlyForDeploymentPostprocessing = 0;
		};
/* End PBXFrameworksBuildPhase section */

/* Begin PBXGroup section */
		055C8E3F245DC5FD0099DFF8 = {
			isa = PBXGroup;
			children = (
				055C8EF3246075A80099DFF8 /* README.md */,
				05C8C49C24B5191D0095E313 /* XS++.xcodeproj */,
				055C8E6C245DC6870099DFF8 /* xcconfig */,
				055C8E4A245DC5FD0099DFF8 /* macho */,
				05C8C31224AE1B030095E313 /* lib-macho */,
				055C8E49245DC5FD0099DFF8 /* Products */,
				055C8EA2245DC7090099DFF8 /* Frameworks */,
			);
			sourceTree = "<group>";
		};
		055C8E49245DC5FD0099DFF8 /* Products */ = {
			isa = PBXGroup;
			children = (
				055C8E61245DC6570099DFF8 /* macho */,
				05C8C31124AE1B030095E313 /* libmacho.a */,
			);
			name = Products;
			sourceTree = "<group>";
		};
		055C8E4A245DC5FD0099DFF8 /* macho */ = {
			isa = PBXGroup;
			children = (
				05A29D4224AC90ED0025C57D /* Arguments.cpp */,
				05A29D4324AC90ED0025C57D /* Arguments.hpp */,
				05C8C34624AE892F0095E313 /* Display.cpp */,
				05C8C34724AE892F0095E313 /* Display.hpp */,
				05A29D3A24AC8E480025C57D /* main.cpp */,
			);
			path = macho;
			sourceTree = "<group>";
		};
		055C8E6C245DC6870099DFF8 /* xcconfig */ = {
			isa = PBXGroup;
			children = (
				055C8E6D245DC6870099DFF8 /* Release - ccache.xcconfig */,
				055C8E6E245DC6870099DFF8 /* Common.xcconfig */,
				055C8E6F245DC6870099DFF8 /* Debug - ccache.xcconfig */,
				055C8E70245DC6870099DFF8 /* Debug.xcconfig */,
				055C8E71245DC6870099DFF8 /* Release.xcconfig */,
				055C8E72245DC6870099DFF8 /* README.md */,
				055C8E73245DC6870099DFF8 /* Release - Library.xcconfig */,
				055C8E74245DC6870099DFF8 /* Common */,
				055C8E9B245DC6870099DFF8 /* Debug - Library.xcconfig */,
				055C8E9C245DC6870099DFF8 /* .gitignore */,
				055C8E9D245DC6870099DFF8 /* Scripts */,
			);
			name = xcconfig;
			path = Submodules/xcconfig;
			sourceTree = "<group>";
		};
		055C8E74245DC6870099DFF8 /* Common */ = {
			isa = PBXGroup;
			children = (
				055C8E75245DC6870099DFF8 /* Signing.xcconfig */,
				055C8E76245DC6870099DFF8 /* Architectures.xcconfig */,
				055C8E77245DC6870099DFF8 /* Static-Analyzer */,
				055C8E7F245DC6870099DFF8 /* Deployment.xcconfig */,
				055C8E80245DC6870099DFF8 /* Build-Options.xcconfig */,
				055C8E81245DC6870099DFF8 /* Swift-Compiler.xcconfig */,
				055C8E82245DC6870099DFF8 /* Static-Analyzer.xcconfig */,
				055C8E83245DC6870099DFF8 /* Swift-Compiler */,
				055C8E88245DC6870099DFF8 /* Search-Paths.xcconfig */,
				055C8E89245DC6870099DFF8 /* Apple-LLVM.xcconfig */,
				055C8E8A245DC6870099DFF8 /* Apple-LLVM */,
			);
			path = Common;
			sourceTree = "<group>";
		};
		055C8E77245DC6870099DFF8 /* Static-Analyzer */ = {
			isa = PBXGroup;
			children = (
				055C8E78245DC6870099DFF8 /* Issues.xcconfig */,
				055C8E79245DC6870099DFF8 /* Issues */,
			);
			path = "Static-Analyzer";
			sourceTree = "<group>";
		};
		055C8E79245DC6870099DFF8 /* Issues */ = {
			isa = PBXGroup;
			children = (
				055C8E7A245DC6870099DFF8 /* Apple-APIs.xcconfig */,
				055C8E7B245DC6870099DFF8 /* Generic-Issues.xcconfig */,
				055C8E7C245DC6870099DFF8 /* Security.xcconfig */,
				055C8E7D245DC6870099DFF8 /* Objective-C.xcconfig */,
				055C8E7E245DC6870099DFF8 /* Analysis-Policy.xcconfig */,
			);
			path = Issues;
			sourceTree = "<group>";
		};
		055C8E83245DC6870099DFF8 /* Swift-Compiler */ = {
			isa = PBXGroup;
			children = (
				055C8E84245DC6870099DFF8 /* Warnings-Policies.xcconfig */,
				055C8E85245DC6870099DFF8 /* Code-Generation.xcconfig */,
				055C8E86245DC6870099DFF8 /* Language.xcconfig */,
				055C8E87245DC6870099DFF8 /* General.xcconfig */,
			);
			path = "Swift-Compiler";
			sourceTree = "<group>";
		};
		055C8E8A245DC6870099DFF8 /* Apple-LLVM */ = {
			isa = PBXGroup;
			children = (
				055C8E8B245DC6870099DFF8 /* Language */,
				055C8E8F245DC6870099DFF8 /* Code-Generation.xcconfig */,
				055C8E90245DC6870099DFF8 /* Address-Sanitizer.xcconfig */,
				055C8E91245DC6870099DFF8 /* Language.xcconfig */,
				055C8E92245DC6870099DFF8 /* Warnings.xcconfig */,
				055C8E93245DC6870099DFF8 /* Undefined-Behavior-Sanitizer.xcconfig */,
				055C8E94245DC6870099DFF8 /* Warning-Policies.xcconfig */,
				055C8E95245DC6870099DFF8 /* Warnings */,
				055C8E9A245DC6870099DFF8 /* Preprocessing.xcconfig */,
			);
			path = "Apple-LLVM";
			sourceTree = "<group>";
		};
		055C8E8B245DC6870099DFF8 /* Language */ = {
			isa = PBXGroup;
			children = (
				055C8E8C245DC6870099DFF8 /* Modules.xcconfig */,
				055C8E8D245DC6870099DFF8 /* Objective-C.xcconfig */,
				055C8E8E245DC6870099DFF8 /* C++.xcconfig */,
			);
			path = Language;
			sourceTree = "<group>";
		};
		055C8E95245DC6870099DFF8 /* Warnings */ = {
			isa = PBXGroup;
			children = (
				055C8E96245DC6870099DFF8 /* Objective-C-ARC.xcconfig */,
				055C8E97245DC6870099DFF8 /* Objective-C.xcconfig */,
				055C8E98245DC6870099DFF8 /* C++.xcconfig */,
				055C8E99245DC6870099DFF8 /* All-Languages.xcconfig */,
			);
			path = Warnings;
			sourceTree = "<group>";
		};
		055C8E9D245DC6870099DFF8 /* Scripts */ = {
			isa = PBXGroup;
			children = (
				055C8E9E245DC6870099DFF8 /* ccache-config.sh */,
				055C8E9F245DC6870099DFF8 /* ccache.sh */,
			);
			path = Scripts;
			sourceTree = "<group>";
		};
		055C8EA2245DC7090099DFF8 /* Frameworks */ = {
			isa = PBXGroup;
			children = (
			);
			name = Frameworks;
			sourceTree = "<group>";
		};
		05C8C31224AE1B030095E313 /* lib-macho */ = {
			isa = PBXGroup;
			children = (
				05C8C31F24AE1BB70095E313 /* include */,
				05C8C32024AE1BBE0095E313 /* source */,
			);
			path = "lib-macho";
			sourceTree = "<group>";
		};
		05C8C31F24AE1BB70095E313 /* include */ = {
			isa = PBXGroup;
			children = (
				05C8C32624AE1C040095E313 /* MachO.hpp */,
				05C8C32124AE1BCA0095E313 /* MachO */,
			);
			path = include;
			sourceTree = "<group>";
		};
		05C8C32024AE1BBE0095E313 /* source */ = {
			isa = PBXGroup;
			children = (
				05C8C45424B4C30D0095E313 /* CacheFile.cpp */,
				05C8C45624B4CD360095E313 /* CacheImageInfo.cpp */,
				05C8C45A24B4D3CE0095E313 /* CacheMappingInfo.cpp */,
				05C8C41924AFF5C10095E313 /* CPU.cpp */,
				055E596A24B71CC7005343D3 /* DataInfo.cpp */,
				05C8C33E24AE49D10095E313 /* FatArch.cpp */,
				05C8C33624AE2D050095E313 /* FatFile.cpp */,
				05C8C32224AE1BE90095E313 /* File.cpp */,
				05C8C42324B0C4580095E313 /* FileFlags.cpp */,
				05C8C42724B0C4C20095E313 /* FileType.cpp */,
				05C8C33A24AE2D400095E313 /* Functions.cpp */,
				05C8C42924B0D82A0095E313 /* LoadCommand.cpp */,
				05C8C36824AF7CCE0095E313 /* LoadCommands */,
				05C8C43124B0F55E0095E313 /* Platform.cpp */,
				05C8C45E24B4E5DA0095E313 /* Section.cpp */,
				05C8C46224B4E8B40095E313 /* Section64.cpp */,
				05C8C46624B503490095E313 /* SectionFlags.cpp */,
				056ECE462B9A637900C186E2 /* Symbol.cpp */,
				05C8C43524B1070C0095E313 /* Tool.cpp */,
				05C8C41524AFEF6E0095E313 /* ToString.cpp */,
			);
			path = source;
			sourceTree = "<group>";
		};
		05C8C32124AE1BCA0095E313 /* MachO */ = {
			isa = PBXGroup;
			children = (
				05C8C45224B4C3060095E313 /* CacheFile.hpp */,
				05C8C45724B4CD360095E313 /* CacheImageInfo.hpp */,
				05C8C45B24B4D3CE0095E313 /* CacheMappingInfo.hpp */,
				05C8C41A24AFF5C10095E313 /* CPU.hpp */,
				055E596B24B71CC7005343D3 /* DataInfo.hpp */,
				05C8C33F24AE49D10095E313 /* FatArch.hpp */,
				05C8C33724AE2D050095E313 /* FatFile.hpp */,
				05C8C32324AE1BE90095E313 /* File.hpp */,
				05C8C41F24B0C4510095E313 /* FileFlags.hpp */,
				05C8C42024B0C4510095E313 /* FileType.hpp */,
				05C8C33B24AE2D400095E313 /* Functions.hpp */,
				05C8C41D24B0C3110095E313 /* IntegerWrapper.hpp */,
				05C8C36424AF7A530095E313 /* LoadCommand.hpp */,
				05C8C36724AF7CC50095E313 /* LoadCommands */,
				05C8C43224B0F55E0095E313 /* Platform.hpp */,
				05C8C45F24B4E5DA0095E313 /* Section.hpp */,
				05C8C46424B4E8C00095E313 /* Section64.hpp */,
				05C8C46724B503490095E313 /* SectionFlags.hpp */,
				056ECE472B9A637900C186E2 /* Symbol.hpp */,
				05C8C43624B1070C0095E313 /* Tool.hpp */,
				05C8C41624AFEF6E0095E313 /* ToString.hpp */,
			);
			path = MachO;
			sourceTree = "<group>";
		};
		05C8C36724AF7CC50095E313 /* LoadCommands */ = {
			isa = PBXGroup;
			children = (
				05C8C3BE24AFE9430095E313 /* BuildVersion.hpp */,
				05C8C3C224AFE9440095E313 /* DyldInfo.hpp */,
				05C8C37F24AFDDED0095E313 /* Dylib.hpp */,
				05C8C38724AFDDEE0095E313 /* Dylinker.hpp */,
				05C8C38024AFDDED0095E313 /* DysymTab.hpp */,
				05C8C3BD24AFE9430095E313 /* EncryptionInfo.hpp */,
				05C8C3C024AFE9430095E313 /* EncryptionInfo64.hpp */,
				05C8C3CA24AFE9440095E313 /* EntryPoint.hpp */,
				05C8C3CE24AFE9440095E313 /* FilesetEntry.hpp */,
				05C8C3C724AFE9440095E313 /* FVMFile.hpp */,
				05C8C3C624AFE9440095E313 /* FVMLib.hpp */,
				05C8C3C324AFE9440095E313 /* Ident.hpp */,
				05C8C3BF24AFE9430095E313 /* LinkEditData.hpp */,
				05C8C3C124AFE9440095E313 /* LinkerOption.hpp */,
				05C8C3C424AFE9440095E313 /* Note.hpp */,
				05C8C3C824AFE9440095E313 /* PrebindChecksum.hpp */,
				05C8C38C24AFDDEE0095E313 /* PreboundDylib.hpp */,
				05C8C3C924AFE9440095E313 /* PrePage.hpp */,
				05C8C37E24AFDDED0095E313 /* Routines.hpp */,
				05C8C3CB24AFE9440095E313 /* Routines64.hpp */,
				05C8C3CD24AFE9440095E313 /* RPath.hpp */,
				05C8C37D24AFDDED0095E313 /* Segment.hpp */,
				05C8C38924AFDDEE0095E313 /* Segment64.hpp */,
				05C8C3CC24AFE9440095E313 /* SourceVersion.hpp */,
				05C8C38224AFDDED0095E313 /* SubClient.hpp */,
				05C8C38524AFDDED0095E313 /* SubFramework.hpp */,
				05C8C38424AFDDED0095E313 /* SubLibrary.hpp */,
				05C8C38B24AFDDEE0095E313 /* SubUmbrella.hpp */,
				05C8C3C524AFE9440095E313 /* SymSeg.hpp */,
				05C8C38124AFDDED0095E313 /* SymTab.hpp */,
				05C8C38624AFDDEE0095E313 /* Thread.hpp */,
				05C8C38324AFDDED0095E313 /* TwoLevelHints.hpp */,
				05C8C38824AFDDEE0095E313 /* Unknown.hpp */,
				05C8C38A24AFDDEE0095E313 /* UUID.hpp */,
				05C8C40724AFEB4B0095E313 /* VersionMin.hpp */,
			);
			path = LoadCommands;
			sourceTree = "<group>";
		};
		05C8C36824AF7CCE0095E313 /* LoadCommands */ = {
			isa = PBXGroup;
			children = (
				05C8C3ED24AFE94F0095E313 /* BuildVersion.cpp */,
				05C8C3E924AFE94E0095E313 /* DyldInfo.cpp */,
				05C8C3A224AFDDF60095E313 /* Dylib.cpp */,
				05C8C3A724AFDDF60095E313 /* Dylinker.cpp */,
				05C8C3A524AFDDF60095E313 /* DysymTab.cpp */,
				05C8C3EE24AFE94F0095E313 /* EncryptionInfo.cpp */,
				05C8C3F024AFE94F0095E313 /* EncryptionInfo64.cpp */,
				05C8C3E624AFE94E0095E313 /* EntryPoint.cpp */,
				05C8C3EC24AFE94F0095E313 /* FilesetEntry.cpp */,
				05C8C3F324AFE94F0095E313 /* FVMFile.cpp */,
				05C8C3E524AFE94E0095E313 /* FVMLib.cpp */,
				05C8C3F224AFE94F0095E313 /* Ident.cpp */,
				05C8C3EF24AFE94F0095E313 /* LinkEditData.cpp */,
				05C8C3E224AFE94E0095E313 /* LinkerOption.cpp */,
				05C8C3EB24AFE94E0095E313 /* Note.cpp */,
				05C8C3F124AFE94F0095E313 /* PrebindChecksum.cpp */,
				05C8C3BB24AFDFEF0095E313 /* PreboundDylib.cpp */,
				05C8C3EA24AFE94E0095E313 /* PrePage.cpp */,
				05C8C3A124AFDDF60095E313 /* Routines.cpp */,
				05C8C3E124AFE94E0095E313 /* Routines64.cpp */,
				05C8C3E324AFE94E0095E313 /* RPath.cpp */,
				05C8C3A924AFDDF60095E313 /* Segment.cpp */,
				05C8C3A824AFDDF60095E313 /* Segment64.cpp */,
				05C8C3E824AFE94E0095E313 /* SourceVersion.cpp */,
				05C8C39F24AFDDF60095E313 /* SubClient.cpp */,
				05C8C3AB24AFDDF60095E313 /* SubFramework.cpp */,
				05C8C39D24AFDDF60095E313 /* SubLibrary.cpp */,
				05C8C3A324AFDDF60095E313 /* SubUmbrella.cpp */,
				05C8C3E424AFE94E0095E313 /* SymSeg.cpp */,
				05C8C3AA24AFDDF60095E313 /* SymTab.cpp */,
				05C8C3A624AFDDF60095E313 /* Thread.cpp */,
				05C8C3A024AFDDF60095E313 /* TwoLevelHints.cpp */,
				05C8C3A424AFDDF60095E313 /* Unknown.cpp */,
				05C8C39E24AFDDF60095E313 /* UUID.cpp */,
				05C8C3E724AFE94E0095E313 /* VersionMin.cpp */,
			);
			path = LoadCommands;
			sourceTree = "<group>";
		};
		05C8C49D24B5191D0095E313 /* Products */ = {
			isa = PBXGroup;
			children = (
				05C8C4A124B5191E0095E313 /* libXS++.a */,
			);
			name = Products;
			sourceTree = "<group>";
		};
/* End PBXGroup section */

/* Begin PBXHeadersBuildPhase section */
		05C8C30D24AE1B030095E313 /* Headers */ = {
			isa = PBXHeadersBuildPhase;
			buildActionMask = 2147483647;
			files = (
				05C8C3E024AFE9440095E313 /* FilesetEntry.hpp in Headers */,
				05C8C3DE24AFE9440095E313 /* SourceVersion.hpp in Headers */,
				05C8C32524AE1BE90095E313 /* File.hpp in Headers */,
				05C8C39324AFDDEE0095E313 /* TwoLevelHints.hpp in Headers */,
				05C8C43824B1070C0095E313 /* Tool.hpp in Headers */,
				05C8C3D524AFE9440095E313 /* Ident.hpp in Headers */,
				05C8C39824AFDDEE0095E313 /* Unknown.hpp in Headers */,
				05C8C39924AFDDEE0095E313 /* Segment64.hpp in Headers */,
				05C8C3DF24AFE9440095E313 /* RPath.hpp in Headers */,
				05C8C36624AF7A530095E313 /* LoadCommand.hpp in Headers */,
				05C8C46524B4E8C00095E313 /* Section64.hpp in Headers */,
				05C8C34124AE49D10095E313 /* FatArch.hpp in Headers */,
				05C8C32724AE1C040095E313 /* MachO.hpp in Headers */,
				05C8C39724AFDDEE0095E313 /* Dylinker.hpp in Headers */,
				05C8C3D724AFE9440095E313 /* SymSeg.hpp in Headers */,
				05C8C39124AFDDEE0095E313 /* SymTab.hpp in Headers */,
				05C8C39424AFDDEE0095E313 /* SubLibrary.hpp in Headers */,
				05C8C39624AFDDEE0095E313 /* Thread.hpp in Headers */,
				05C8C3D924AFE9440095E313 /* FVMFile.hpp in Headers */,
				05C8C3D024AFE9440095E313 /* BuildVersion.hpp in Headers */,
				05C8C3DC24AFE9440095E313 /* EntryPoint.hpp in Headers */,
				05C8C3D624AFE9440095E313 /* Note.hpp in Headers */,
				056ECE492B9A637900C186E2 /* Symbol.hpp in Headers */,
				05C8C43424B0F55E0095E313 /* Platform.hpp in Headers */,
				05C8C39A24AFDDEE0095E313 /* UUID.hpp in Headers */,
				05C8C3DD24AFE9440095E313 /* Routines64.hpp in Headers */,
				055E596D24B71CC7005343D3 /* DataInfo.hpp in Headers */,
				05C8C45D24B4D3CE0095E313 /* CacheMappingInfo.hpp in Headers */,
				05C8C39B24AFDDEE0095E313 /* SubUmbrella.hpp in Headers */,
				05C8C33D24AE2D400095E313 /* Functions.hpp in Headers */,
				05C8C41C24AFF5C10095E313 /* CPU.hpp in Headers */,
				05C8C3D824AFE9440095E313 /* FVMLib.hpp in Headers */,
				05C8C3D224AFE9440095E313 /* EncryptionInfo64.hpp in Headers */,
				05C8C40824AFEB4B0095E313 /* VersionMin.hpp in Headers */,
				05C8C3D324AFE9440095E313 /* LinkerOption.hpp in Headers */,
				05C8C33924AE2D050095E313 /* FatFile.hpp in Headers */,
				05C8C3DA24AFE9440095E313 /* PrebindChecksum.hpp in Headers */,
				05C8C45324B4C3060095E313 /* CacheFile.hpp in Headers */,
				05C8C42224B0C4520095E313 /* FileType.hpp in Headers */,
				05C8C39C24AFDDEE0095E313 /* PreboundDylib.hpp in Headers */,
				05C8C3DB24AFE9440095E313 /* PrePage.hpp in Headers */,
				05C8C46924B503490095E313 /* SectionFlags.hpp in Headers */,
				05C8C45924B4CD360095E313 /* CacheImageInfo.hpp in Headers */,
				05C8C38D24AFDDEE0095E313 /* Segment.hpp in Headers */,
				05C8C39224AFDDEE0095E313 /* SubClient.hpp in Headers */,
				05C8C39524AFDDEE0095E313 /* SubFramework.hpp in Headers */,
				05C8C3D124AFE9440095E313 /* LinkEditData.hpp in Headers */,
				05C8C3D424AFE9440095E313 /* DyldInfo.hpp in Headers */,
				05C8C38E24AFDDEE0095E313 /* Routines.hpp in Headers */,
				05C8C41824AFEF6E0095E313 /* ToString.hpp in Headers */,
				05C8C3CF24AFE9440095E313 /* EncryptionInfo.hpp in Headers */,
				05C8C41E24B0C3110095E313 /* IntegerWrapper.hpp in Headers */,
				05C8C42124B0C4520095E313 /* FileFlags.hpp in Headers */,
				05C8C38F24AFDDEE0095E313 /* Dylib.hpp in Headers */,
				05C8C46124B4E5DA0095E313 /* Section.hpp in Headers */,
				05C8C39024AFDDEE0095E313 /* DysymTab.hpp in Headers */,
			);
			runOnlyForDeploymentPostprocessing = 0;
		};
/* End PBXHeadersBuildPhase section */

/* Begin PBXNativeTarget section */
		055C8E60245DC6570099DFF8 /* macho */ = {
			isa = PBXNativeTarget;
			buildConfigurationList = 055C8E65245DC6570099DFF8 /* Build configuration list for PBXNativeTarget "macho" */;
			buildPhases = (
				055C8E5D245DC6570099DFF8 /* Sources */,
				055C8E5E245DC6570099DFF8 /* Frameworks */,
				055C8E5F245DC6570099DFF8 /* CopyFiles */,
			);
			buildRules = (
			);
			dependencies = (
				05C8C4A324B519370095E313 /* PBXTargetDependency */,
				05C8C31D24AE1BAA0095E313 /* PBXTargetDependency */,
			);
			name = macho;
			productName = Test;
			productReference = 055C8E61245DC6570099DFF8 /* macho */;
			productType = "com.apple.product-type.tool";
		};
		05C8C31024AE1B030095E313 /* lib-macho */ = {
			isa = PBXNativeTarget;
			buildConfigurationList = 05C8C31924AE1B030095E313 /* Build configuration list for PBXNativeTarget "lib-macho" */;
			buildPhases = (
				05C8C30D24AE1B030095E313 /* Headers */,
				05C8C30E24AE1B030095E313 /* Sources */,
				05C8C30F24AE1B030095E313 /* Frameworks */,
			);
			buildRules = (
			);
			dependencies = (
				05F077112B9A8CB1003AD213 /* PBXTargetDependency */,
			);
			name = "lib-macho";
			productName = "lib-macho";
			productReference = 05C8C31124AE1B030095E313 /* libmacho.a */;
			productType = "com.apple.product-type.library.static";
		};
/* End PBXNativeTarget section */

/* Begin PBXProject section */
		055C8E40245DC5FD0099DFF8 /* Project object */ = {
			isa = PBXProject;
			attributes = {
				LastUpgradeCheck = 1530;
				ORGANIZATIONNAME = DigiDNA;
				TargetAttributes = {
					055C8E60245DC6570099DFF8 = {
						CreatedOnToolsVersion = 11.4.1;
					};
					05C8C31024AE1B030095E313 = {
						CreatedOnToolsVersion = 11.5;
					};
				};
			};
			buildConfigurationList = 055C8E43245DC5FD0099DFF8 /* Build configuration list for PBXProject "macho" */;
			compatibilityVersion = "Xcode 9.3";
			developmentRegion = en;
			hasScannedForEncodings = 0;
			knownRegions = (
				en,
				Base,
			);
			mainGroup = 055C8E3F245DC5FD0099DFF8;
			productRefGroup = 055C8E49245DC5FD0099DFF8 /* Products */;
			projectDirPath = "";
			projectReferences = (
				{
					ProductGroup = 05C8C49D24B5191D0095E313 /* Products */;
					ProjectRef = 05C8C49C24B5191D0095E313 /* XS++.xcodeproj */;
				},
			);
			projectRoot = "";
			targets = (
				055C8E60245DC6570099DFF8 /* macho */,
				05C8C31024AE1B030095E313 /* lib-macho */,
			);
		};
/* End PBXProject section */

/* Begin PBXReferenceProxy section */
		05C8C4A124B5191E0095E313 /* libXS++.a */ = {
			isa = PBXReferenceProxy;
			fileType = archive.ar;
			path = "libXS++.a";
			remoteRef = 05C8C4A024B5191E0095E313 /* PBXContainerItemProxy */;
			sourceTree = BUILT_PRODUCTS_DIR;
		};
/* End PBXReferenceProxy section */

/* Begin PBXSourcesBuildPhase section */
		055C8E5D245DC6570099DFF8 /* Sources */ = {
			isa = PBXSourcesBuildPhase;
			buildActionMask = 2147483647;
			files = (
				05A29D3B24AC8E480025C57D /* main.cpp in Sources */,
				05A29D4424AC90ED0025C57D /* Arguments.cpp in Sources */,
				05C8C34824AE892F0095E313 /* Display.cpp in Sources */,
			);
			runOnlyForDeploymentPostprocessing = 0;
		};
		05C8C30E24AE1B030095E313 /* Sources */ = {
			isa = PBXSourcesBuildPhase;
			buildActionMask = 2147483647;
			files = (
				05C8C3AD24AFDDF60095E313 /* UUID.cpp in Sources */,
				05C8C40224AFE94F0095E313 /* LinkEditData.cpp in Sources */,
				05C8C3B024AFDDF60095E313 /* Routines.cpp in Sources */,
				05C8C3F424AFE94F0095E313 /* Routines64.cpp in Sources */,
				05C8C3FA24AFE94F0095E313 /* VersionMin.cpp in Sources */,
				05C8C3F824AFE94F0095E313 /* FVMLib.cpp in Sources */,
				05C8C3B224AFDDF60095E313 /* SubUmbrella.cpp in Sources */,
				05C8C3B124AFDDF60095E313 /* Dylib.cpp in Sources */,
				05C8C42B24B0D82A0095E313 /* LoadCommand.cpp in Sources */,
				05C8C34024AE49D10095E313 /* FatArch.cpp in Sources */,
				05C8C45524B4C30D0095E313 /* CacheFile.cpp in Sources */,
				05C8C3BC24AFDFEF0095E313 /* PreboundDylib.cpp in Sources */,
				05C8C3F924AFE94F0095E313 /* EntryPoint.cpp in Sources */,
				05C8C46324B4E8B40095E313 /* Section64.cpp in Sources */,
				05C8C3B324AFDDF60095E313 /* Unknown.cpp in Sources */,
				05C8C3B724AFDDF60095E313 /* Segment64.cpp in Sources */,
				05C8C46824B503490095E313 /* SectionFlags.cpp in Sources */,
				05C8C45C24B4D3CE0095E313 /* CacheMappingInfo.cpp in Sources */,
				05C8C3F724AFE94F0095E313 /* SymSeg.cpp in Sources */,
				05C8C43724B1070C0095E313 /* Tool.cpp in Sources */,
				05C8C3F524AFE94F0095E313 /* LinkerOption.cpp in Sources */,
				05C8C3BA24AFDDF60095E313 /* SubFramework.cpp in Sources */,
				05C8C3B924AFDDF60095E313 /* SymTab.cpp in Sources */,
				05C8C45824B4CD360095E313 /* CacheImageInfo.cpp in Sources */,
				055E596C24B71CC7005343D3 /* DataInfo.cpp in Sources */,
				056ECE482B9A637900C186E2 /* Symbol.cpp in Sources */,
				05C8C3FB24AFE94F0095E313 /* SourceVersion.cpp in Sources */,
				05C8C3B824AFDDF60095E313 /* Segment.cpp in Sources */,
				05C8C33824AE2D050095E313 /* FatFile.cpp in Sources */,
				05C8C3FD24AFE94F0095E313 /* PrePage.cpp in Sources */,
				05C8C3B524AFDDF60095E313 /* Thread.cpp in Sources */,
				05C8C40624AFE94F0095E313 /* FVMFile.cpp in Sources */,
				05C8C32424AE1BE90095E313 /* File.cpp in Sources */,
				05C8C40024AFE94F0095E313 /* BuildVersion.cpp in Sources */,
				05C8C40124AFE94F0095E313 /* EncryptionInfo.cpp in Sources */,
				05C8C3FC24AFE94F0095E313 /* DyldInfo.cpp in Sources */,
				05C8C40424AFE94F0095E313 /* PrebindChecksum.cpp in Sources */,
				05C8C3F624AFE94F0095E313 /* RPath.cpp in Sources */,
				05C8C3FE24AFE94F0095E313 /* Note.cpp in Sources */,
				05C8C42824B0C4C20095E313 /* FileType.cpp in Sources */,
				05C8C33C24AE2D400095E313 /* Functions.cpp in Sources */,
				05C8C46024B4E5DA0095E313 /* Section.cpp in Sources */,
				05C8C3B624AFDDF60095E313 /* Dylinker.cpp in Sources */,
				05C8C43324B0F55E0095E313 /* Platform.cpp in Sources */,
				05C8C42524B0C4580095E313 /* FileFlags.cpp in Sources */,
				05C8C3B424AFDDF60095E313 /* DysymTab.cpp in Sources */,
				05C8C3FF24AFE94F0095E313 /* FilesetEntry.cpp in Sources */,
				05C8C40324AFE94F0095E313 /* EncryptionInfo64.cpp in Sources */,
				05C8C40524AFE94F0095E313 /* Ident.cpp in Sources */,
				05C8C3AC24AFDDF60095E313 /* SubLibrary.cpp in Sources */,
				05C8C41724AFEF6E0095E313 /* ToString.cpp in Sources */,
				05C8C3AF24AFDDF60095E313 /* TwoLevelHints.cpp in Sources */,
				05C8C41B24AFF5C10095E313 /* CPU.cpp in Sources */,
				05C8C3AE24AFDDF60095E313 /* SubClient.cpp in Sources */,
			);
			runOnlyForDeploymentPostprocessing = 0;
		};
/* End PBXSourcesBuildPhase section */

/* Begin PBXTargetDependency section */
		05C8C31D24AE1BAA0095E313 /* PBXTargetDependency */ = {
			isa = PBXTargetDependency;
			target = 05C8C31024AE1B030095E313 /* lib-macho */;
			targetProxy = 05C8C31C24AE1BAA0095E313 /* PBXContainerItemProxy */;
		};
		05C8C4A324B519370095E313 /* PBXTargetDependency */ = {
			isa = PBXTargetDependency;
			name = "XS++";
			targetProxy = 05C8C4A224B519370095E313 /* PBXContainerItemProxy */;
		};
		05F077112B9A8CB1003AD213 /* PBXTargetDependency */ = {
			isa = PBXTargetDependency;
			name = "XS++";
			targetProxy = 05F077102B9A8CB1003AD213 /* PBXContainerItemProxy */;
		};
/* End PBXTargetDependency section */

/* Begin XCBuildConfiguration section */
		055C8E51245DC5FD0099DFF8 /* Debug */ = {
			isa = XCBuildConfiguration;
			baseConfigurationReference = 055C8E70245DC6870099DFF8 /* Debug.xcconfig */;
			buildSettings = {
				CLANG_ENABLE_CODE_COVERAGE = NO;
				GCC_GENERATE_TEST_COVERAGE_FILES = NO;
				GCC_INSTRUMENT_PROGRAM_FLOW_ARCS = NO;
				HEADER_SEARCH_PATHS = (
					"$(SRCROOT)/lib-macho/include/",
					"$(SRCROOT)/Submodules/STDXS/XS++/include/",
				);
				MACOSX_DEPLOYMENT_TARGET = 10.11;
			};
			name = Debug;
		};
		055C8E52245DC5FD0099DFF8 /* Release */ = {
			isa = XCBuildConfiguration;
			baseConfigurationReference = 055C8E71245DC6870099DFF8 /* Release.xcconfig */;
			buildSettings = {
				CLANG_ENABLE_CODE_COVERAGE = NO;
				GCC_GENERATE_TEST_COVERAGE_FILES = NO;
				GCC_INSTRUMENT_PROGRAM_FLOW_ARCS = NO;
				HEADER_SEARCH_PATHS = (
					"$(SRCROOT)/lib-macho/include/",
					"$(SRCROOT)/Submodules/STDXS/XS++/include/",
				);
				MACOSX_DEPLOYMENT_TARGET = 10.11;
			};
			name = Release;
		};
		055C8E66245DC6570099DFF8 /* Debug */ = {
			isa = XCBuildConfiguration;
			buildSettings = {
				MACOSX_DEPLOYMENT_TARGET = 10.13;
				PRODUCT_BUNDLE_IDENTIFIER = "com.xs-labs.macho";
				"PRODUCT_BUNDLE_IDENTIFIER[sdk=macosx*]" = "com.xs-labs.macho";
				PRODUCT_NAME = "$(TARGET_NAME)";
			};
			name = Debug;
		};
		055C8E67245DC6570099DFF8 /* Release */ = {
			isa = XCBuildConfiguration;
			buildSettings = {
				MACOSX_DEPLOYMENT_TARGET = 10.13;
				PRODUCT_BUNDLE_IDENTIFIER = "com.xs-labs.macho";
				"PRODUCT_BUNDLE_IDENTIFIER[sdk=macosx*]" = "com.xs-labs.macho";
				PRODUCT_NAME = "$(TARGET_NAME)";
			};
			name = Release;
		};
		05C8C31A24AE1B030095E313 /* Debug */ = {
			isa = XCBuildConfiguration;
			buildSettings = {
				EXECUTABLE_PREFIX = lib;
				PRODUCT_NAME = macho;
				SKIP_INSTALL = YES;
			};
			name = Debug;
		};
		05C8C31B24AE1B030095E313 /* Release */ = {
			isa = XCBuildConfiguration;
			buildSettings = {
				EXECUTABLE_PREFIX = lib;
				PRODUCT_NAME = macho;
				SKIP_INSTALL = YES;
			};
			name = Release;
		};
/* End XCBuildConfiguration section */

/* Begin XCConfigurationList section */
		055C8E43245DC5FD0099DFF8 /* Build configuration list for PBXProject "macho" */ = {
			isa = XCConfigurationList;
			buildConfigurations = (
				055C8E51245DC5FD0099DFF8 /* Debug */,
				055C8E52245DC5FD0099DFF8 /* Release */,
			);
			defaultConfigurationIsVisible = 0;
			defaultConfigurationName = Release;
		};
		055C8E65245DC6570099DFF8 /* Build configuration list for PBXNativeTarget "macho" */ = {
			isa = XCConfigurationList;
			buildConfigurations = (
				055C8E66245DC6570099DFF8 /* Debug */,
				055C8E67245DC6570099DFF8 /* Release */,
			);
			defaultConfigurationIsVisible = 0;
			defaultConfigurationName = Release;
		};
		05C8C31924AE1B030095E313 /* Build configuration list for PBXNativeTarget "lib-macho" */ = {
			isa = XCConfigurationList;
			buildConfigurations = (
				05C8C31A24AE1B030095E313 /* Debug */,
				05C8C31B24AE1B030095E313 /* Release */,
			);
			defaultConfigurationIsVisible = 0;
			defaultConfigurationName = Release;
		};
/* End XCConfigurationList section */
	};
	rootObject = 055C8E40245DC5FD0099DFF8 /* Project object */;
}
